
Microsoft Visual Studio Solution File, Format Version 12.00
# Visual Studio 15
VisualStudioVersion = 15.0.27004.2008
MinimumVisualStudioVersion = 10.0.40219.1
Project("{FAE04EC0-301F-11D3-BF4B-00C04F79EFBC}") = "ShowMeTheXAML", "ShowMeTheXAML\ShowMeTheXAML.csproj", "{AF01AD5B-E49D-49F6-94BF-BB30428B625B}"
EndProject
Global
	GlobalSection(SolutionConfigurationPlatforms) = preSolution
		Debug|Any CPU = Debug|Any CPU
		Release|Any CPU = Release|Any CPU
	EndGlobalSection
	GlobalSection(ProjectConfigurationPlatforms) = postSolution
		{AF01AD5B-E49D-49F6-94BF-BB30428B625B}.Debug|Any CPU.ActiveCfg = Debug|Any CPU
		{AF01AD5B-E49D-49F6-94BF-BB30428B625B}.Debug|Any CPU.Build.0 = Debug|Any CPU
		{AF01AD5B-E49D-49F6-94BF-BB30428B625B}.Release|Any CPU.ActiveCfg = Release|Any CPU
		{AF01AD5B-E49D-49F6-94BF-BB30428B625B}.Release|Any CPU.Build.0 = Release|Any CPU
	EndGlobalSection
	GlobalSection(SolutionProperties) = preSolution
		HideSolutionNode = FALSE
	EndGlobalSection
	GlobalSection(ExtensibilityGlobals) = postSolution
		SolutionGuid = {3FA949CD-4833-4A14-8AE1-857568CD8CE4}
	EndGlobalSection
EndGlobal
